
Microsoft Visual Studio Solution File, Format Version 12.00
# Visual Studio 2012
Project("{E24C65DC-7377-472B-9ABA-BC803B73C61A}") = "Online Course Management", ".", "{D44DEF3B-E64D-4602-BF23-B4DD027230B6}"
	ProjectSection(WebsiteProperties) = preProject
		TargetFrameworkMoniker = ".NETFramework,Version%3Dv3.5"
		Debug.AspNetCompiler.VirtualPath = "/Online Course Management"
		Debug.AspNetCompiler.PhysicalPath = "..\Online Course Management\"
		Debug.AspNetCompiler.TargetPath = "PrecompiledWeb\Online Course Management\"
		Debug.AspNetCompiler.Updateable = "true"
		Debug.AspNetCompiler.ForceOverwrite = "true"
		Debug.AspNetCompiler.FixedNames = "false"
		Debug.AspNetCompiler.Debug = "True"
		Release.AspNetCompiler.VirtualPath = "/Online Course Management"
		Release.AspNetCompiler.PhysicalPath = "..\Online Course Management\"
		Release.AspNetCompiler.TargetPath = "PrecompiledWeb\Online Course Management\"
		Release.AspNetCompiler.Updateable = "true"
		Release.AspNetCompiler.ForceOverwrite = "true"
		Release.AspNetCompiler.FixedNames = "false"
		Release.AspNetCompiler.Debug = "False"
		VWDPort = "55471"
	EndProjectSection
EndProject
Global
	GlobalSection(SolutionConfigurationPlatforms) = preSolution
		Debug|Any CPU = Debug|Any CPU
	EndGlobalSection
	GlobalSection(ProjectConfigurationPlatforms) = postSolution
		{D44DEF3B-E64D-4602-BF23-B4DD027230B6}.Debug|Any CPU.ActiveCfg = Debug|Any CPU
		{D44DEF3B-E64D-4602-BF23-B4DD027230B6}.Debug|Any CPU.Build.0 = Debug|Any CPU
	EndGlobalSection
	GlobalSection(SolutionProperties) = preSolution
		HideSolutionNode = FALSE
	EndGlobalSection
EndGlobal
